
Microsoft Visual Studio Solution File, Format Version 12.00
# Visual Studio Version 17
VisualStudioVersion = 17.12.35521.163 d17.12
MinimumVisualStudioVersion = 10.0.40219.1
Project("{FAE04EC0-301F-11D3-BF4B-00C04F79EFBC}") = "cnpm_s4", "cnpm_s4\cnpm_s4.csproj", "{27BBAD15-95E6-4FAC-BCAB-E72F5179E8AF}"
EndProject
Global
	GlobalSection(SolutionConfigurationPlatforms) = preSolution
		Debug|Any CPU = Debug|Any CPU
		Release|Any CPU = Release|Any CPU
	EndGlobalSection
	GlobalSection(ProjectConfigurationPlatforms) = postSolution
		{27BBAD15-95E6-4FAC-BCAB-E72F5179E8AF}.Debug|Any CPU.ActiveCfg = Debug|Any CPU
		{27BBAD15-95E6-4FAC-BCAB-E72F5179E8AF}.Debug|Any CPU.Build.0 = Debug|Any CPU
		{27BBAD15-95E6-4FAC-BCAB-E72F5179E8AF}.Release|Any CPU.ActiveCfg = Release|Any CPU
		{27BBAD15-95E6-4FAC-BCAB-E72F5179E8AF}.Release|Any CPU.Build.0 = Release|Any CPU
	EndGlobalSection
	GlobalSection(SolutionProperties) = preSolution
		HideSolutionNode = FALSE
	EndGlobalSection
EndGlobal
